
Microsoft Visual Studio Solution File, Format Version 12.00
# Visual Studio Version 17
VisualStudioVersion = 17.11.34909.67
MinimumVisualStudioVersion = 10.0.40219.1
Project("{FAE04EC0-301F-11D3-BF4B-00C04F79EFBC}") = "BulkyWeb", "BulkyWeb\BulkyWeb.csproj", "{2B3AE051-7102-49D2-B153-E9FFF8A073E0}"
EndProject
Global
	GlobalSection(SolutionConfigurationPlatforms) = preSolution
		Debug|Any CPU = Debug|Any CPU
		Release|Any CPU = Release|Any CPU
	EndGlobalSection
	GlobalSection(ProjectConfigurationPlatforms) = postSolution
		{2B3AE051-7102-49D2-B153-E9FFF8A073E0}.Debug|Any CPU.ActiveCfg = Debug|Any CPU
		{2B3AE051-7102-49D2-B153-E9FFF8A073E0}.Debug|Any CPU.Build.0 = Debug|Any CPU
		{2B3AE051-7102-49D2-B153-E9FFF8A073E0}.Release|Any CPU.ActiveCfg = Release|Any CPU
		{2B3AE051-7102-49D2-B153-E9FFF8A073E0}.Release|Any CPU.Build.0 = Release|Any CPU
	EndGlobalSection
	GlobalSection(SolutionProperties) = preSolution
		HideSolutionNode = FALSE
	EndGlobalSection
	GlobalSection(ExtensibilityGlobals) = postSolution
		SolutionGuid = {5893CBCA-BD97-4D01-9E7D-19D813C309AA}
	EndGlobalSection
EndGlobal
